
Microsoft Visual Studio Solution File, Format Version 12.00
# Visual Studio Version 16
VisualStudioVersion = 16.0.29215.179
MinimumVisualStudioVersion = 10.0.40219.1
Project("{FAE04EC0-301F-11D3-BF4B-00C04F79EFBC}") = "Youtube Downloader Plus", "Youtube Downloader Plus.csproj", "{5BEE3CAA-A0E0-475D-8979-DEC2858D3757}"
EndProject
Global
	GlobalSection(SolutionConfigurationPlatforms) = preSolution
		Debug|Any CPU = Debug|Any CPU
		Release|Any CPU = Release|Any CPU
	EndGlobalSection
	GlobalSection(ProjectConfigurationPlatforms) = postSolution
		{5BEE3CAA-A0E0-475D-8979-DEC2858D3757}.Debug|Any CPU.ActiveCfg = Debug|Any CPU
		{5BEE3CAA-A0E0-475D-8979-DEC2858D3757}.Debug|Any CPU.Build.0 = Debug|Any CPU
		{5BEE3CAA-A0E0-475D-8979-DEC2858D3757}.Release|Any CPU.ActiveCfg = Release|Any CPU
		{5BEE3CAA-A0E0-475D-8979-DEC2858D3757}.Release|Any CPU.Build.0 = Release|Any CPU
	EndGlobalSection
	GlobalSection(SolutionProperties) = preSolution
		HideSolutionNode = FALSE
	EndGlobalSection
	GlobalSection(ExtensibilityGlobals) = postSolution
		SolutionGuid = {DF1E96F1-8337-4FF0-9EA2-9D5E88729DD8}
	EndGlobalSection
EndGlobal
